{
  "meteor": {},
  "dependencies": {
    "basePackages": {
      "collection-hooks": {}
    },
    "packages": {
      "collection-hooks": {
        "git": "https://github.com/matb33/meteor-collection-hooks.git",
        "tag": "v0.6.3",
        "commit": "70f2598bf991cb36effd72aea2555cba96f88355"
      }
    }
  }
}
